
Microsoft Visual Studio Solution File, Format Version 12.00
# Visual Studio Version 16
VisualStudioVersion = 16.0.29503.13
MinimumVisualStudioVersion = 10.0.40219.1
Project("{8BC9CEB8-8B4A-11D0-8D11-00A0C91BC942}") = "Engine", "Engine\Engine.vcxproj", "{71DC27C7-8F8E-431E-B3D2-6E0A64E6733C}"
EndProject
Project("{8BC9CEB8-8B4A-11D0-8D11-00A0C91BC942}") = "Application", "Application\Application.vcxproj", "{EDF3479B-1CE8-46E7-8B67-69ABE3D929C3}"
EndProject
Project("{8BC9CEB8-8B4A-11D0-8D11-00A0C91BC942}") = "Math", "Math\Math.vcxproj", "{0033F166-A304-4A9D-8E62-8EF2D2D74368}"
EndProject
Global
	GlobalSection(SolutionConfigurationPlatforms) = preSolution
		Debug|x64 = Debug|x64
		Debug|x86 = Debug|x86
		Release|x64 = Release|x64
		Release|x86 = Release|x86
	EndGlobalSection
	GlobalSection(ProjectConfigurationPlatforms) = postSolution
		{71DC27C7-8F8E-431E-B3D2-6E0A64E6733C}.Debug|x64.ActiveCfg = Debug|x64
		{71DC27C7-8F8E-431E-B3D2-6E0A64E6733C}.Debug|x64.Build.0 = Debug|x64
		{71DC27C7-8F8E-431E-B3D2-6E0A64E6733C}.Debug|x86.ActiveCfg = Debug|Win32
		{71DC27C7-8F8E-431E-B3D2-6E0A64E6733C}.Debug|x86.Build.0 = Debug|Win32
		{71DC27C7-8F8E-431E-B3D2-6E0A64E6733C}.Release|x64.ActiveCfg = Release|x64
		{71DC27C7-8F8E-431E-B3D2-6E0A64E6733C}.Release|x64.Build.0 = Release|x64
		{71DC27C7-8F8E-431E-B3D2-6E0A64E6733C}.Release|x86.ActiveCfg = Release|Win32
		{71DC27C7-8F8E-431E-B3D2-6E0A64E6733C}.Release|x86.Build.0 = Release|Win32
		{EDF3479B-1CE8-46E7-8B67-69ABE3D929C3}.Debug|x64.ActiveCfg = Debug|x64
		{EDF3479B-1CE8-46E7-8B67-69ABE3D929C3}.Debug|x64.Build.0 = Debug|x64
		{EDF3479B-1CE8-46E7-8B67-69ABE3D929C3}.Debug|x86.ActiveCfg = Debug|Win32
		{EDF3479B-1CE8-46E7-8B67-69ABE3D929C3}.Debug|x86.Build.0 = Debug|Win32
		{EDF3479B-1CE8-46E7-8B67-69ABE3D929C3}.Release|x64.ActiveCfg = Release|x64
		{EDF3479B-1CE8-46E7-8B67-69ABE3D929C3}.Release|x64.Build.0 = Release|x64
		{EDF3479B-1CE8-46E7-8B67-69ABE3D929C3}.Release|x86.ActiveCfg = Release|Win32
		{EDF3479B-1CE8-46E7-8B67-69ABE3D929C3}.Release|x86.Build.0 = Release|Win32
		{0033F166-A304-4A9D-8E62-8EF2D2D74368}.Debug|x64.ActiveCfg = Debug|x64
		{0033F166-A304-4A9D-8E62-8EF2D2D74368}.Debug|x64.Build.0 = Debug|x64
		{0033F166-A304-4A9D-8E62-8EF2D2D74368}.Debug|x86.ActiveCfg = Debug|Win32
		{0033F166-A304-4A9D-8E62-8EF2D2D74368}.Debug|x86.Build.0 = Debug|Win32
		{0033F166-A304-4A9D-8E62-8EF2D2D74368}.Release|x64.ActiveCfg = Release|x64
		{0033F166-A304-4A9D-8E62-8EF2D2D74368}.Release|x64.Build.0 = Release|x64
		{0033F166-A304-4A9D-8E62-8EF2D2D74368}.Release|x86.ActiveCfg = Release|Win32
		{0033F166-A304-4A9D-8E62-8EF2D2D74368}.Release|x86.Build.0 = Release|Win32
	EndGlobalSection
	GlobalSection(SolutionProperties) = preSolution
		HideSolutionNode = FALSE
	EndGlobalSection
	GlobalSection(ExtensibilityGlobals) = postSolution
		SolutionGuid = {9B2094CE-072E-4C28-A21B-3CEF9F9FCDC9}
	EndGlobalSection
EndGlobal
