<?xml version="1.0" encoding="utf-8"?>
<Project ToolsVersion="4.0" xmlns="http://schemas.microsoft.com/developer/msbuild/2003">
  <ItemGroup>
    <Filter Include="Source Files">
      <UniqueIdentifier>{4FC737F1-C7A5-4376-A066-2A32D752A2FF}</UniqueIdentifier>
      <Extensions>cpp;c;cc;cxx;def;odl;idl;hpj;bat;asm;asmx</Extensions>
    </Filter>
    <Filter Include="Header Files">
      <UniqueIdentifier>{93995380-89BD-4b04-88EB-625FBE52EBFB}</UniqueIdentifier>
      <Extensions>h;hh;hpp;hxx;hm;inl;inc;ipp;xsd</Extensions>
    </Filter>
    <Filter Include="Resource Files">
      <UniqueIdentifier>{67DA6AB6-F800-4c08-8B7A-83BB121AAD01}</UniqueIdentifier>
      <Extensions>rc;ico;cur;bmp;dlg;rc2;rct;bin;rgs;gif;jpg;jpeg;jpe;resx;tiff;tif;png;wav;mfcribbon-ms</Extensions>
    </Filter>
    <Filter Include="Source Files\Window">
      <UniqueIdentifier>{85babffd-de33-4a10-b94f-091f1ba8e14b}</UniqueIdentifier>
    </Filter>
    <Filter Include="Source Files\Input">
      <UniqueIdentifier>{fb12e5f2-f4fd-4596-bf21-8508eeb69aaa}</UniqueIdentifier>
    </Filter>
    <Filter Include="Source Files\Command">
      <UniqueIdentifier>{890fe7fa-b752-49e9-bd1c-4bbfd7845603}</UniqueIdentifier>
    </Filter>
    <Filter Include="Source Files\Object">
      <UniqueIdentifier>{37bb6043-16d7-4a38-99fd-d3b81fc22185}</UniqueIdentifier>
    </Filter>
    <Filter Include="Source Files\Component">
      <UniqueIdentifier>{b65d98a6-dd92-45bd-beb0-f8a43ef0f2c6}</UniqueIdentifier>
    </Filter>
    <Filter Include="Source Files\Observer">
      <UniqueIdentifier>{742b4942-98fe-4b83-b657-8f5ad8a27da6}</UniqueIdentifier>
    </Filter>
    <Filter Include="Source Files\Subject">
      <UniqueIdentifier>{e961969a-362d-40c7-ace4-6b73ddbd36b8}</UniqueIdentifier>
    </Filter>
    <Filter Include="Source Files\Achievement">
      <UniqueIdentifier>{f3a24cd8-b0fb-4c51-8e64-78a6f86d232a}</UniqueIdentifier>
    </Filter>
    <Filter Include="Source Files\Scene">
      <UniqueIdentifier>{dde45190-8b33-4d86-915b-cf02e939a2f5}</UniqueIdentifier>
    </Filter>
    <Filter Include="Source Files\State">
      <UniqueIdentifier>{55589f4f-755b-4e4d-adee-14175faed2f2}</UniqueIdentifier>
    </Filter>
  </ItemGroup>
  <ItemGroup>
    <ClCompile Include="Input\input.cpp">
      <Filter>Source Files\Input</Filter>
    </ClCompile>
    <ClCompile Include="Window\Application.cpp">
      <Filter>Source Files\Window</Filter>
    </ClCompile>
    <ClCompile Include="Window\PlatformWindow.cpp">
      <Filter>Source Files\Window</Filter>
    </ClCompile>
    <ClCompile Include="Window\Engine.cpp">
      <Filter>Source Files\Window</Filter>
    </ClCompile>
    <ClCompile Include="Window\Window.cpp">
      <Filter>Source Files\Window</Filter>
    </ClCompile>
    <ClCompile Include="Command\Jump.cpp">
      <Filter>Source Files\Command</Filter>
    </ClCompile>
    <ClCompile Include="Object\Object.cpp">
      <Filter>Source Files\Object</Filter>
    </ClCompile>
    <ClCompile Include="Component\Component.cpp">
      <Filter>Source Files\Component</Filter>
    </ClCompile>
    <ClCompile Include="Object\ObjectManager.cpp">
      <Filter>Source Files\Object</Filter>
    </ClCompile>
    <ClCompile Include="Component\Physics.cpp">
      <Filter>Source Files\Component</Filter>
    </ClCompile>
    <ClCompile Include="Component\Sprite.cpp">
      <Filter>Source Files\Component</Filter>
    </ClCompile>
    <ClCompile Include="Observer\Observer.cpp">
      <Filter>Source Files\Observer</Filter>
    </ClCompile>
    <ClCompile Include="Subject\Subject.cpp">
      <Filter>Source Files\Subject</Filter>
    </ClCompile>
    <ClCompile Include="Achievement\Achievement.cpp">
      <Filter>Source Files\Achievement</Filter>
    </ClCompile>
    <ClCompile Include="Scene\Level1.cpp">
      <Filter>Source Files\Scene</Filter>
    </ClCompile>
    <ClCompile Include="Scene\Level2.cpp">
      <Filter>Source Files\Scene</Filter>
    </ClCompile>
    <ClCompile Include="Scene\Scene.cpp">
      <Filter>Source Files\Scene</Filter>
    </ClCompile>
    <ClCompile Include="Scene\SceneManager.cpp">
      <Filter>Source Files\Scene</Filter>
    </ClCompile>
    <ClCompile Include="State\StateMachine.cpp">
      <Filter>Source Files\State</Filter>
    </ClCompile>
    <ClCompile Include="State\Idle.cpp">
      <Filter>Source Files\State</Filter>
    </ClCompile>
    <ClCompile Include="State\Move.cpp">
      <Filter>Source Files\State</Filter>
    </ClCompile>
  </ItemGroup>
  <ItemGroup>
    <ClInclude Include="Input\input.hpp">
      <Filter>Source Files\Input</Filter>
    </ClInclude>
    <ClInclude Include="Window\Application.hpp">
      <Filter>Source Files\Window</Filter>
    </ClInclude>
    <ClInclude Include="Window\PlatformWindow.hpp">
      <Filter>Source Files\Window</Filter>
    </ClInclude>
    <ClInclude Include="Window\Engine.hpp">
      <Filter>Source Files\Window</Filter>
    </ClInclude>
    <ClInclude Include="Window\Window.hpp">
      <Filter>Source Files\Window</Filter>
    </ClInclude>
    <ClInclude Include="Window\Timer.hpp">
      <Filter>Source Files</Filter>
    </ClInclude>
    <ClInclude Include="Command\Jump.hpp">
      <Filter>Source Files\Command</Filter>
    </ClInclude>
    <ClInclude Include="Command\Command.hpp">
      <Filter>Source Files\Command</Filter>
    </ClInclude>
    <ClInclude Include="Object\Object.hpp">
      <Filter>Source Files\Object</Filter>
    </ClInclude>
    <ClInclude Include="Component\Component.hpp">
      <Filter>Source Files\Component</Filter>
    </ClInclude>
    <ClInclude Include="Object\ObjectManager.hpp">
      <Filter>Source Files\Object</Filter>
    </ClInclude>
    <ClInclude Include="Component\Physics.hpp">
      <Filter>Source Files\Component</Filter>
    </ClInclude>
    <ClInclude Include="Component\Sprite.hpp">
      <Filter>Source Files\Component</Filter>
    </ClInclude>
    <ClInclude Include="Observer\Observer.hpp">
      <Filter>Source Files\Observer</Filter>
    </ClInclude>
    <ClInclude Include="Subject\Subject.hpp">
      <Filter>Source Files\Subject</Filter>
    </ClInclude>
    <ClInclude Include="Achievement\Achievement.hpp">
      <Filter>Source Files\Achievement</Filter>
    </ClInclude>
    <ClInclude Include="Scene\Level1.hpp">
      <Filter>Source Files\Scene</Filter>
    </ClInclude>
    <ClInclude Include="Scene\Level2.hpp">
      <Filter>Source Files\Scene</Filter>
    </ClInclude>
    <ClInclude Include="Scene\Scene.hpp">
      <Filter>Source Files\Scene</Filter>
    </ClInclude>
    <ClInclude Include="Scene\SceneManager.hpp">
      <Filter>Source Files\Scene</Filter>
    </ClInclude>
    <ClInclude Include="State\State.hpp">
      <Filter>Source Files\State</Filter>
    </ClInclude>
    <ClInclude Include="State\StateMachine.hpp">
      <Filter>Source Files\State</Filter>
    </ClInclude>
    <ClInclude Include="State\Idle.hpp">
      <Filter>Source Files\State</Filter>
    </ClInclude>
    <ClInclude Include="State\Move.hpp">
      <Filter>Source Files\State</Filter>
    </ClInclude>
  </ItemGroup>
</Project>